github.com/bytedance/sonic v1.10.2 h1:s2h2yB+aP8t2uT2i4hI+7QJTJgI5oG56NyR2dDlcqM4=
github.com/bytedance/sonic/loader v0.1.1 h1:Pj92uwyLherK1I6iA+kStIOiR/Kkz1KjB6a2+rG2/2k=
github.com/cloudwego/base64x v0.1.3 h1:RAluVfTwsSD/lD6dGfCgQBYgYJu2dwU+a1J25GqFGjY=
github.com/cloudwego/iasm v0.2.0 h1:aFVAiLqBfAqIuH9Co/aYp1B8f/TnxDk3t22b5wKeR2c=
github.com/gabriel-vasile/mimetype v1.4.3 h1:V+QJ9+aAw2FNF/yI9fI3eBAy/jNfppWFh+lBlnp0c3I=
github.com/gin-contrib/sse v0.1.0 h1:Y/s5oSXJ4ac3OTl/63qS61g+IO/2oG/d64o6vL2wI7Y=
github.com/gin-gonic/gin v1.9.1 h1:FCl3sxdjF6kG8NScikDEy/Nxk617G8G/53c+fdrCEuM=
github.com/go-playground/locales v0.14.1 h1:yS1Wn9iK8YwTwwzhvDrP/O2BDZt9EwKx/aHk/yGAvrg=
github.com/go-playground/universal-translator v0.18.1 h1:tEvu6+7h/yV7ySqg9QeK1Kz8rIfuY3nVa/pGv1g50V4=
github.com/go-playground/validator/v10 v10.17.0 h1:t21O0nL04WoHkxxqW0S8D2QO0GSA+1JvF+9gQ8yR1UE=
github.com/goccy/go-json v0.10.2 h1:r+uO8sDvt/g/2FAKj8Osz2l4Vp9I3TDAX1pXHQd2QRo=
github.com/jackc/pgpassfile v1.0.0 h1:h/3uL895m5N5rS+2krI6bSNkaA+OaSWsYvmw5xPjAh8=
github.com/jackc/pgservicefile v0.0.0-20221227161230-091c0ba34f0a h1:78y/374Vi5HjQ5hW4nJ+lV56f+I2yL3r+3p+iC5wGj8=
github.com/jackc/pgx/v5 v5.5.2 h1:H+DAnvWmd0Xo/yCSTj3fEXi/GrY0bV8vJbTfJLb2tQY=
github.com/jackc/puddle/v2 v2.2.1 h1:yS6pS3a0hBv9iK+xzz1y65j9sKfK0oD1a3s2K3zVb4c=
github.com/joho/godotenv v1.5.1 h1:OQy23eI8fF3wlqP02w1aNycCpeWJb2J+6v3xqcSg8TE=
github.com/json-iterator/go v1.1.12 h1:h4Gu2fL1OBEgpFk7bIxr5F13Z/2qO6WRBvT3uopIphE=
github.com/klauspost/cpuid/v2 v2.2.6 h1:4rR_4kif+Jk1m2o+2XoCRJzuZk/AaWfGgSiv8/u6RjA=
github.com/leodido/go-urn v1.2.4 h1:GhY2+d/onj4aLdC4IuXXzDhcx2fGpwqHxdq2aDqg7gQ=
github.com/mattn/go-isatty v0.0.20 h1:Q1b2qi9+wzSP2A0s+E71qZ8SjN0yY+C1kK/L7V2/l/o=
github.com/modern-go/concurrent v0.0.0-20180306012644-bacd9c7ef1dd h1:8+3f6W6T6Q/vAHd04O36jCMeiG0qIZbXnFpMhGOKU/k=
github.com/modern-go/reflect2 v1.0.2 h1:VpLHKdYsyal3rD3sC/vB8D0fVURyL93gP1P2zIwiA3Y=
github.com/pelletier/go-toml/v2 v2.1.1 h1:8j/F3g6X7lNq2d93eJCSaB56GXRj+AY+y3G3Z4kH2Y8=
github.com/twitchyliquid64/golang-asm v0.15.1 h1:K0yMGR23hA/pAhjLpIUKaXb/y9F0c7+4gIwZ3l8O+aY=
github.com/ugorji/go/codec v1.2.12 h1:K0cQLqgKGDgT//rY2U/xODs0vWjF5S3k9y/01hL2f2g=
golang.org/x/arch v0.7.0 h1:wT0o/3lZqLqT/2L40lT0kGZyv9y/yP+FvYv+b5e6720=
golang.org/x/crypto v0.18.0 h1:VIq3zQvR9u82bF4KkOrj12l4M/S/4i+Zk+bCqD7y3IY=
golang.org/x/net v0.20.0 h1:RzBwSj331R+eM+2lq4Vw/wX21s+J4nIq5wPjE0k5Pqg=
golang.org/x/sync v0.1.0 h1:1d203ClciHGGXGf7p1i/CVZ3tJoJ7u236JtSgI5ryfA=
golang.org/x/sys v0.16.0 h1:KKzQRp5tDofxK2/G+IICj3Uj/e4vR76jw3Gz6uY2WjQ=
golang.org/x/text v0.14.0 h1:ScX5w1eTa3bRib5A61C+W3S9za2g4i2h1L8bFwE1BRE=
google.golang.org/protobuf v1.32.0 h1:iVIxO5CeM5Gck7NfM/tQcO3+cQ2kUWQ3wL+3w1x0zQ4=
gopkg.in/yaml.v3 v3.0.1 h1:VqLvyI2dO7LLxP/F2M8hFB+XIyvR/fub/OR3dMv/v6k=
